
Microsoft Visual Studio Solution File, Format Version 12.00
# Visual Studio Version 17
VisualStudioVersion = 17.5.33530.505
MinimumVisualStudioVersion = 10.0.40219.1
Project("{8BC9CEB8-8B4A-11D0-8D11-00A0C91BC942}") = "game_interface", "game_interface\game_interface.vcxproj", "{7EC0EFFC-0C73-42BB-AD8D-0933343E3476}"
EndProject
Project("{8BC9CEB8-8B4A-11D0-8D11-00A0C91BC942}") = "simple_game", "simple_game\simple_game.vcxproj", "{F063E76F-47D2-4118-82AF-1F9143F4C4BE}"
	ProjectSection(ProjectDependencies) = postProject
		{7EC0EFFC-0C73-42BB-AD8D-0933343E3476} = {7EC0EFFC-0C73-42BB-AD8D-0933343E3476}
	EndProjectSection
EndProject
Global
	GlobalSection(SolutionConfigurationPlatforms) = preSolution
		Debug|x64 = Debug|x64
		Debug|x86 = Debug|x86
		Release|x64 = Release|x64
		Release|x86 = Release|x86
	EndGlobalSection
	GlobalSection(ProjectConfigurationPlatforms) = postSolution
		{7EC0EFFC-0C73-42BB-AD8D-0933343E3476}.Debug|x64.ActiveCfg = Debug|x64
		{7EC0EFFC-0C73-42BB-AD8D-0933343E3476}.Debug|x64.Build.0 = Debug|x64
		{7EC0EFFC-0C73-42BB-AD8D-0933343E3476}.Debug|x86.ActiveCfg = Debug|Win32
		{7EC0EFFC-0C73-42BB-AD8D-0933343E3476}.Debug|x86.Build.0 = Debug|Win32
		{7EC0EFFC-0C73-42BB-AD8D-0933343E3476}.Release|x64.ActiveCfg = Release|x64
		{7EC0EFFC-0C73-42BB-AD8D-0933343E3476}.Release|x64.Build.0 = Release|x64
		{7EC0EFFC-0C73-42BB-AD8D-0933343E3476}.Release|x86.ActiveCfg = Release|Win32
		{7EC0EFFC-0C73-42BB-AD8D-0933343E3476}.Release|x86.Build.0 = Release|Win32
		{F063E76F-47D2-4118-82AF-1F9143F4C4BE}.Debug|x64.ActiveCfg = Debug|x64
		{F063E76F-47D2-4118-82AF-1F9143F4C4BE}.Debug|x64.Build.0 = Debug|x64
		{F063E76F-47D2-4118-82AF-1F9143F4C4BE}.Debug|x86.ActiveCfg = Debug|Win32
		{F063E76F-47D2-4118-82AF-1F9143F4C4BE}.Debug|x86.Build.0 = Debug|Win32
		{F063E76F-47D2-4118-82AF-1F9143F4C4BE}.Release|x64.ActiveCfg = Release|x64
		{F063E76F-47D2-4118-82AF-1F9143F4C4BE}.Release|x64.Build.0 = Release|x64
		{F063E76F-47D2-4118-82AF-1F9143F4C4BE}.Release|x86.ActiveCfg = Release|Win32
		{F063E76F-47D2-4118-82AF-1F9143F4C4BE}.Release|x86.Build.0 = Release|Win32
	EndGlobalSection
	GlobalSection(SolutionProperties) = preSolution
		HideSolutionNode = FALSE
	EndGlobalSection
	GlobalSection(ExtensibilityGlobals) = postSolution
		SolutionGuid = {4D25A87B-AAAD-4679-A86F-028286D01623}
	EndGlobalSection
EndGlobal
